
Microsoft Visual Studio Solution File, Format Version 12.00
# Visual Studio Version 17
VisualStudioVersion = 17.11.35219.272
MinimumVisualStudioVersion = 10.0.40219.1
Project("{FAE04EC0-301F-11D3-BF4B-00C04F79EFBC}") = "Accredition Assessment Tracker", "Accredition Assessment Tracker.csproj", "{7D1C869A-6CE0-4BAF-861D-28936375BD97}"
EndProject
Global
	GlobalSection(SolutionConfigurationPlatforms) = preSolution
		Debug|Any CPU = Debug|Any CPU
		Release|Any CPU = Release|Any CPU
	EndGlobalSection
	GlobalSection(ProjectConfigurationPlatforms) = postSolution
		{7D1C869A-6CE0-4BAF-861D-28936375BD97}.Debug|Any CPU.ActiveCfg = Debug|Any CPU
		{7D1C869A-6CE0-4BAF-861D-28936375BD97}.Debug|Any CPU.Build.0 = Debug|Any CPU
		{7D1C869A-6CE0-4BAF-861D-28936375BD97}.Release|Any CPU.ActiveCfg = Release|Any CPU
		{7D1C869A-6CE0-4BAF-861D-28936375BD97}.Release|Any CPU.Build.0 = Release|Any CPU
	EndGlobalSection
	GlobalSection(SolutionProperties) = preSolution
		HideSolutionNode = FALSE
	EndGlobalSection
	GlobalSection(ExtensibilityGlobals) = postSolution
		SolutionGuid = {BCC4E0CB-55E9-4BEE-9E04-1646BF947DE0}
	EndGlobalSection
EndGlobal
