
Microsoft Visual Studio Solution File, Format Version 12.00
# Visual Studio Version 17
VisualStudioVersion = 17.14.36518.9 d17.14
MinimumVisualStudioVersion = 10.0.40219.1
Project("{FAE04EC0-301F-11D3-BF4B-00C04F79EFBC}") = "Accreditation Assessment Tracker", "Accreditation Assessment Tracker.csproj", "{7D1C869A-6CE0-4BAF-861D-28936375BD97}"
EndProject
Global
	GlobalSection(SolutionConfigurationPlatforms) = preSolution
		Debug|Any CPU = Debug|Any CPU
		Release|Any CPU = Release|Any CPU
	EndGlobalSection
	GlobalSection(ProjectConfigurationPlatforms) = postSolution
		{7D1C869A-6CE0-4BAF-861D-28936375BD97}.Debug|Any CPU.ActiveCfg = Debug|Any CPU
		{7D1C869A-6CE0-4BAF-861D-28936375BD97}.Debug|Any CPU.Build.0 = Debug|Any CPU
		{7D1C869A-6CE0-4BAF-861D-28936375BD97}.Release|Any CPU.ActiveCfg = Release|Any CPU
		{7D1C869A-6CE0-4BAF-861D-28936375BD97}.Release|Any CPU.Build.0 = Release|Any CPU
	EndGlobalSection
	GlobalSection(SolutionProperties) = preSolution
		HideSolutionNode = FALSE
	EndGlobalSection
	GlobalSection(ExtensibilityGlobals) = postSolution
		SolutionGuid = {806C9E1B-B93D-4755-B74D-262B1080D91B}
	EndGlobalSection
EndGlobal
